{
  "pins" : [
    {
      "identity" : "ringprogressviewstyle",
      "kind" : "remoteSourceControl",
      "location" : "https://github.com/kkk669/RingProgressViewStyle",
      "state" : {
        "revision" : "7177dabca6a00d8249ab47d25b49d3813bef5944",
        "version" : "0.1.0"
      }
    }
  ],
  "version" : 2
}
